// !$*UTF8*$!
{
	archiveVersion = 1;
	classes = {
	};
	objectVersion = 56;
	objects = {

/* Begin PBXBuildFile section */
		631079BF29F7DCBF000A005F /* GitHubSearchAppApp.swift in Sources */ = {isa = PBXBuildFile; fileRef = 631079BE29F7DCBF000A005F /* GitHubSearchAppApp.swift */; };
		631079C129F7DCBF000A005F /* ContentView.swift in Sources */ = {isa = PBXBuildFile; fileRef = 631079C029F7DCBF000A005F /* ContentView.swift */; };
		631079C329F7DCC0000A005F /* Assets.xcassets in Resources */ = {isa = PBXBuildFile; fileRef = 631079C229F7DCC0000A005F /* Assets.xcassets */; };
		631079C629F7DCC0000A005F /* Preview Assets.xcassets in Resources */ = {isa = PBXBuildFile; fileRef = 631079C529F7DCC0000A005F /* Preview Assets.xcassets */; };
		631079DA29F7DCC0000A005F /* GitHubSearchAppUITests.swift in Sources */ = {isa = PBXBuildFile; fileRef = 631079D929F7DCC0000A005F /* GitHubSearchAppUITests.swift */; };
		631079DC29F7DCC0000A005F /* GitHubSearchAppUITestsLaunchTests.swift in Sources */ = {isa = PBXBuildFile; fileRef = 631079DB29F7DCC0000A005F /* GitHubSearchAppUITestsLaunchTests.swift */; };
		631079EF29F7E19C000A005F /* SearchViewModel.swift in Sources */ = {isa = PBXBuildFile; fileRef = 631079EE29F7E19C000A005F /* SearchViewModel.swift */; };
		631079F529F7E228000A005F /* SearchResponse.swift in Sources */ = {isa = PBXBuildFile; fileRef = 631079F429F7E228000A005F /* SearchResponse.swift */; };
		631079F729F7E249000A005F /* DetailView.swift in Sources */ = {isa = PBXBuildFile; fileRef = 631079F629F7E249000A005F /* DetailView.swift */; };
		631079F929F7E279000A005F /* SearchBar.swift in Sources */ = {isa = PBXBuildFile; fileRef = 631079F829F7E278000A005F /* SearchBar.swift */; };
		631079FB29F7E7E1000A005F /* GitHubRepository.swift in Sources */ = {isa = PBXBuildFile; fileRef = 631079FA29F7E7E1000A005F /* GitHubRepository.swift */; };
		63B6B68029FA81E9008E63F5 /* RepositoryService.swift in Sources */ = {isa = PBXBuildFile; fileRef = 63B6B67F29FA81E9008E63F5 /* RepositoryService.swift */; };
		63B6B68229FA8C7C008E63F5 /* GitHubAPI.swift in Sources */ = {isa = PBXBuildFile; fileRef = 63B6B68129FA8C7C008E63F5 /* GitHubAPI.swift */; };
		63B6B68429FA8FC5008E63F5 /* RepositoryError.swift in Sources */ = {isa = PBXBuildFile; fileRef = 63B6B68329FA8FC5008E63F5 /* RepositoryError.swift */; };
		63B6B68A29FA9426008E63F5 /* RepositoryServiceMock.swift in Sources */ = {isa = PBXBuildFile; fileRef = 63B6B68929FA9426008E63F5 /* RepositoryServiceMock.swift */; };
		63B6B68D29FA98EF008E63F5 /* SearchViewModelUnitTests.swift in Sources */ = {isa = PBXBuildFile; fileRef = 63B6B68C29FA98EF008E63F5 /* SearchViewModelUnitTests.swift */; };
/* End PBXBuildFile section */

/* Begin PBXContainerItemProxy section */
		631079CC29F7DCC0000A005F /* PBXContainerItemProxy */ = {
			isa = PBXContainerItemProxy;
			containerPortal = 631079B329F7DCBF000A005F /* Project object */;
			proxyType = 1;
			remoteGlobalIDString = 631079BA29F7DCBF000A005F;
			remoteInfo = GitHubSearchApp;
		};
		631079D629F7DCC0000A005F /* PBXContainerItemProxy */ = {
			isa = PBXContainerItemProxy;
			containerPortal = 631079B329F7DCBF000A005F /* Project object */;
			proxyType = 1;
			remoteGlobalIDString = 631079BA29F7DCBF000A005F;
			remoteInfo = GitHubSearchApp;
		};
/* End PBXContainerItemProxy section */

/* Begin PBXFileReference section */
		631079BB29F7DCBF000A005F /* GitHubSearchApp.app */ = {isa = PBXFileReference; explicitFileType = wrapper.application; includeInIndex = 0; path = GitHubSearchApp.app; sourceTree = BUILT_PRODUCTS_DIR; };
		631079BE29F7DCBF000A005F /* GitHubSearchAppApp.swift */ = {isa = PBXFileReference; lastKnownFileType = sourcecode.swift; path = GitHubSearchAppApp.swift; sourceTree = "<group>"; };
		631079C029F7DCBF000A005F /* ContentView.swift */ = {isa = PBXFileReference; lastKnownFileType = sourcecode.swift; path = ContentView.swift; sourceTree = "<group>"; };
		631079C229F7DCC0000A005F /* Assets.xcassets */ = {isa = PBXFileReference; lastKnownFileType = folder.assetcatalog; path = Assets.xcassets; sourceTree = "<group>"; };
		631079C529F7DCC0000A005F /* Preview Assets.xcassets */ = {isa = PBXFileReference; lastKnownFileType = folder.assetcatalog; path = "Preview Assets.xcassets"; sourceTree = "<group>"; };
		631079CB29F7DCC0000A005F /* GitHubSearchAppTests.xctest */ = {isa = PBXFileReference; explicitFileType = wrapper.cfbundle; includeInIndex = 0; path = GitHubSearchAppTests.xctest; sourceTree = BUILT_PRODUCTS_DIR; };
		631079D529F7DCC0000A005F /* GitHubSearchAppUITests.xctest */ = {isa = PBXFileReference; explicitFileType = wrapper.cfbundle; includeInIndex = 0; path = GitHubSearchAppUITests.xctest; sourceTree = BUILT_PRODUCTS_DIR; };
		631079D929F7DCC0000A005F /* GitHubSearchAppUITests.swift */ = {isa = PBXFileReference; lastKnownFileType = sourcecode.swift; path = GitHubSearchAppUITests.swift; sourceTree = "<group>"; };
		631079DB29F7DCC0000A005F /* GitHubSearchAppUITestsLaunchTests.swift */ = {isa = PBXFileReference; lastKnownFileType = sourcecode.swift; path = GitHubSearchAppUITestsLaunchTests.swift; sourceTree = "<group>"; };
		631079EE29F7E19C000A005F /* SearchViewModel.swift */ = {isa = PBXFileReference; lastKnownFileType = sourcecode.swift; path = SearchViewModel.swift; sourceTree = "<group>"; };
		631079F429F7E228000A005F /* SearchResponse.swift */ = {isa = PBXFileReference; lastKnownFileType = sourcecode.swift; path = SearchResponse.swift; sourceTree = "<group>"; };
		631079F629F7E249000A005F /* DetailView.swift */ = {isa = PBXFileReference; lastKnownFileType = sourcecode.swift; path = DetailView.swift; sourceTree = "<group>"; };
		631079F829F7E278000A005F /* SearchBar.swift */ = {isa = PBXFileReference; lastKnownFileType = sourcecode.swift; path = SearchBar.swift; sourceTree = "<group>"; };
		631079FA29F7E7E1000A005F /* GitHubRepository.swift */ = {isa = PBXFileReference; lastKnownFileType = sourcecode.swift; path = GitHubRepository.swift; sourceTree = "<group>"; };
		63B6B67F29FA81E9008E63F5 /* RepositoryService.swift */ = {isa = PBXFileReference; lastKnownFileType = sourcecode.swift; path = RepositoryService.swift; sourceTree = "<group>"; };
		63B6B68129FA8C7C008E63F5 /* GitHubAPI.swift */ = {isa = PBXFileReference; lastKnownFileType = sourcecode.swift; path = GitHubAPI.swift; sourceTree = "<group>"; };
		63B6B68329FA8FC5008E63F5 /* RepositoryError.swift */ = {isa = PBXFileReference; lastKnownFileType = sourcecode.swift; path = RepositoryError.swift; sourceTree = "<group>"; };
		63B6B68929FA9426008E63F5 /* RepositoryServiceMock.swift */ = {isa = PBXFileReference; lastKnownFileType = sourcecode.swift; path = RepositoryServiceMock.swift; sourceTree = "<group>"; };
		63B6B68C29FA98EF008E63F5 /* SearchViewModelUnitTests.swift */ = {isa = PBXFileReference; lastKnownFileType = sourcecode.swift; path = SearchViewModelUnitTests.swift; sourceTree = "<group>"; };
/* End PBXFileReference section */

/* Begin PBXFrameworksBuildPhase section */
		631079B829F7DCBF000A005F /* Frameworks */ = {
			isa = PBXFrameworksBuildPhase;
			buildActionMask = 2147483647;
			files = (
			);
			runOnlyForDeploymentPostprocessing = 0;
		};
		631079C829F7DCC0000A005F /* Frameworks */ = {
			isa = PBXFrameworksBuildPhase;
			buildActionMask = 2147483647;
			files = (
			);
			runOnlyForDeploymentPostprocessing = 0;
		};
		631079D229F7DCC0000A005F /* Frameworks */ = {
			isa = PBXFrameworksBuildPhase;
			buildActionMask = 2147483647;
			files = (
			);
			runOnlyForDeploymentPostprocessing = 0;
		};
/* End PBXFrameworksBuildPhase section */

/* Begin PBXGroup section */
		631079B229F7DCBF000A005F = {
			isa = PBXGroup;
			children = (
				631079BD29F7DCBF000A005F /* GitHubSearchApp */,
				631079CE29F7DCC0000A005F /* GitHubSearchAppTests */,
				631079D829F7DCC0000A005F /* GitHubSearchAppUITests */,
				631079BC29F7DCBF000A005F /* Products */,
			);
			sourceTree = "<group>";
		};
		631079BC29F7DCBF000A005F /* Products */ = {
			isa = PBXGroup;
			children = (
				631079BB29F7DCBF000A005F /* GitHubSearchApp.app */,
				631079CB29F7DCC0000A005F /* GitHubSearchAppTests.xctest */,
				631079D529F7DCC0000A005F /* GitHubSearchAppUITests.xctest */,
			);
			name = Products;
			sourceTree = "<group>";
		};
		631079BD29F7DCBF000A005F /* GitHubSearchApp */ = {
			isa = PBXGroup;
			children = (
				631079BE29F7DCBF000A005F /* GitHubSearchAppApp.swift */,
				631079E829F7DCCE000A005F /* Models */,
				631079E929F7DCD4000A005F /* Views */,
				631079EA29F7DCDC000A005F /* ViewModels */,
				63B6B67E29FA81D1008E63F5 /* Service */,
				631079C229F7DCC0000A005F /* Assets.xcassets */,
				631079C429F7DCC0000A005F /* Preview Content */,
			);
			path = GitHubSearchApp;
			sourceTree = "<group>";
		};
		631079C429F7DCC0000A005F /* Preview Content */ = {
			isa = PBXGroup;
			children = (
				631079C529F7DCC0000A005F /* Preview Assets.xcassets */,
			);
			path = "Preview Content";
			sourceTree = "<group>";
		};
		631079CE29F7DCC0000A005F /* GitHubSearchAppTests */ = {
			isa = PBXGroup;
			children = (
				63B6B68B29FA98CF008E63F5 /* Unit Tests */,
				63B6B68829FA940E008E63F5 /* Mocks */,
			);
			path = GitHubSearchAppTests;
			sourceTree = "<group>";
		};
		631079D829F7DCC0000A005F /* GitHubSearchAppUITests */ = {
			isa = PBXGroup;
			children = (
				631079D929F7DCC0000A005F /* GitHubSearchAppUITests.swift */,
				631079DB29F7DCC0000A005F /* GitHubSearchAppUITestsLaunchTests.swift */,
			);
			path = GitHubSearchAppUITests;
			sourceTree = "<group>";
		};
		631079E829F7DCCE000A005F /* Models */ = {
			isa = PBXGroup;
			children = (
				631079FA29F7E7E1000A005F /* GitHubRepository.swift */,
				631079F429F7E228000A005F /* SearchResponse.swift */,
				63B6B68329FA8FC5008E63F5 /* RepositoryError.swift */,
			);
			path = Models;
			sourceTree = "<group>";
		};
		631079E929F7DCD4000A005F /* Views */ = {
			isa = PBXGroup;
			children = (
				631079C029F7DCBF000A005F /* ContentView.swift */,
				631079F629F7E249000A005F /* DetailView.swift */,
				631079F829F7E278000A005F /* SearchBar.swift */,
			);
			path = Views;
			sourceTree = "<group>";
		};
		631079EA29F7DCDC000A005F /* ViewModels */ = {
			isa = PBXGroup;
			children = (
				631079EE29F7E19C000A005F /* SearchViewModel.swift */,
			);
			path = ViewModels;
			sourceTree = "<group>";
		};
		63B6B67E29FA81D1008E63F5 /* Service */ = {
			isa = PBXGroup;
			children = (
				63B6B67F29FA81E9008E63F5 /* RepositoryService.swift */,
				63B6B68129FA8C7C008E63F5 /* GitHubAPI.swift */,
			);
			path = Service;
			sourceTree = "<group>";
		};
		63B6B68829FA940E008E63F5 /* Mocks */ = {
			isa = PBXGroup;
			children = (
				63B6B68929FA9426008E63F5 /* RepositoryServiceMock.swift */,
			);
			path = Mocks;
			sourceTree = "<group>";
		};
		63B6B68B29FA98CF008E63F5 /* Unit Tests */ = {
			isa = PBXGroup;
			children = (
				63B6B68C29FA98EF008E63F5 /* SearchViewModelUnitTests.swift */,
			);
			path = "Unit Tests";
			sourceTree = "<group>";
		};
/* End PBXGroup section */

/* Begin PBXNativeTarget section */
		631079BA29F7DCBF000A005F /* GitHubSearchApp */ = {
			isa = PBXNativeTarget;
			buildConfigurationList = 631079DF29F7DCC0000A005F /* Build configuration list for PBXNativeTarget "GitHubSearchApp" */;
			buildPhases = (
				631079B729F7DCBF000A005F /* Sources */,
				631079B829F7DCBF000A005F /* Frameworks */,
				631079B929F7DCBF000A005F /* Resources */,
			);
			buildRules = (
			);
			dependencies = (
			);
			name = GitHubSearchApp;
			productName = GitHubSearchApp;
			productReference = 631079BB29F7DCBF000A005F /* GitHubSearchApp.app */;
			productType = "com.apple.product-type.application";
		};
		631079CA29F7DCC0000A005F /* GitHubSearchAppTests */ = {
			isa = PBXNativeTarget;
			buildConfigurationList = 631079E229F7DCC0000A005F /* Build configuration list for PBXNativeTarget "GitHubSearchAppTests" */;
			buildPhases = (
				631079C729F7DCC0000A005F /* Sources */,
				631079C829F7DCC0000A005F /* Frameworks */,
				631079C929F7DCC0000A005F /* Resources */,
			);
			buildRules = (
			);
			dependencies = (
				631079CD29F7DCC0000A005F /* PBXTargetDependency */,
			);
			name = GitHubSearchAppTests;
			productName = GitHubSearchAppTests;
			productReference = 631079CB29F7DCC0000A005F /* GitHubSearchAppTests.xctest */;
			productType = "com.apple.product-type.bundle.unit-test";
		};
		631079D429F7DCC0000A005F /* GitHubSearchAppUITests */ = {
			isa = PBXNativeTarget;
			buildConfigurationList = 631079E529F7DCC0000A005F /* Build configuration list for PBXNativeTarget "GitHubSearchAppUITests" */;
			buildPhases = (
				631079D129F7DCC0000A005F /* Sources */,
				631079D229F7DCC0000A005F /* Frameworks */,
				631079D329F7DCC0000A005F /* Resources */,
			);
			buildRules = (
			);
			dependencies = (
				631079D729F7DCC0000A005F /* PBXTargetDependency */,
			);
			name = GitHubSearchAppUITests;
			productName = GitHubSearchAppUITests;
			productReference = 631079D529F7DCC0000A005F /* GitHubSearchAppUITests.xctest */;
			productType = "com.apple.product-type.bundle.ui-testing";
		};
/* End PBXNativeTarget section */

/* Begin PBXProject section */
		631079B329F7DCBF000A005F /* Project object */ = {
			isa = PBXProject;
			attributes = {
				BuildIndependentTargetsInParallel = 1;
				LastSwiftUpdateCheck = 1420;
				LastUpgradeCheck = 1420;
				TargetAttributes = {
					631079BA29F7DCBF000A005F = {
						CreatedOnToolsVersion = 14.2;
					};
					631079CA29F7DCC0000A005F = {
						CreatedOnToolsVersion = 14.2;
						TestTargetID = 631079BA29F7DCBF000A005F;
					};
					631079D429F7DCC0000A005F = {
						CreatedOnToolsVersion = 14.2;
						TestTargetID = 631079BA29F7DCBF000A005F;
					};
				};
			};
			buildConfigurationList = 631079B629F7DCBF000A005F /* Build configuration list for PBXProject "GitHubSearchApp" */;
			compatibilityVersion = "Xcode 14.0";
			developmentRegion = en;
			hasScannedForEncodings = 0;
			knownRegions = (
				en,
				Base,
			);
			mainGroup = 631079B229F7DCBF000A005F;
			productRefGroup = 631079BC29F7DCBF000A005F /* Products */;
			projectDirPath = "";
			projectRoot = "";
			targets = (
				631079BA29F7DCBF000A005F /* GitHubSearchApp */,
				631079CA29F7DCC0000A005F /* GitHubSearchAppTests */,
				631079D429F7DCC0000A005F /* GitHubSearchAppUITests */,
			);
		};
/* End PBXProject section */

/* Begin PBXResourcesBuildPhase section */
		631079B929F7DCBF000A005F /* Resources */ = {
			isa = PBXResourcesBuildPhase;
			buildActionMask = 2147483647;
			files = (
				631079C629F7DCC0000A005F /* Preview Assets.xcassets in Resources */,
				631079C329F7DCC0000A005F /* Assets.xcassets in Resources */,
			);
			runOnlyForDeploymentPostprocessing = 0;
		};
		631079C929F7DCC0000A005F /* Resources */ = {
			isa = PBXResourcesBuildPhase;
			buildActionMask = 2147483647;
			files = (
			);
			runOnlyForDeploymentPostprocessing = 0;
		};
		631079D329F7DCC0000A005F /* Resources */ = {
			isa = PBXResourcesBuildPhase;
			buildActionMask = 2147483647;
			files = (
			);
			runOnlyForDeploymentPostprocessing = 0;
		};
/* End PBXResourcesBuildPhase section */

/* Begin PBXSourcesBuildPhase section */
		631079B729F7DCBF000A005F /* Sources */ = {
			isa = PBXSourcesBuildPhase;
			buildActionMask = 2147483647;
			files = (
				631079F529F7E228000A005F /* SearchResponse.swift in Sources */,
				631079F729F7E249000A005F /* DetailView.swift in Sources */,
				631079EF29F7E19C000A005F /* SearchViewModel.swift in Sources */,
				63B6B68229FA8C7C008E63F5 /* GitHubAPI.swift in Sources */,
				63B6B68429FA8FC5008E63F5 /* RepositoryError.swift in Sources */,
				631079FB29F7E7E1000A005F /* GitHubRepository.swift in Sources */,
				631079F929F7E279000A005F /* SearchBar.swift in Sources */,
				63B6B68029FA81E9008E63F5 /* RepositoryService.swift in Sources */,
				631079C129F7DCBF000A005F /* ContentView.swift in Sources */,
				631079BF29F7DCBF000A005F /* GitHubSearchAppApp.swift in Sources */,
			);
			runOnlyForDeploymentPostprocessing = 0;
		};
		631079C729F7DCC0000A005F /* Sources */ = {
			isa = PBXSourcesBuildPhase;
			buildActionMask = 2147483647;
			files = (
				63B6B68D29FA98EF008E63F5 /* SearchViewModelUnitTests.swift in Sources */,
				63B6B68A29FA9426008E63F5 /* RepositoryServiceMock.swift in Sources */,
			);
			runOnlyForDeploymentPostprocessing = 0;
		};
		631079D129F7DCC0000A005F /* Sources */ = {
			isa = PBXSourcesBuildPhase;
			buildActionMask = 2147483647;
			files = (
				631079DA29F7DCC0000A005F /* GitHubSearchAppUITests.swift in Sources */,
				631079DC29F7DCC0000A005F /* GitHubSearchAppUITestsLaunchTests.swift in Sources */,
			);
			runOnlyForDeploymentPostprocessing = 0;
		};
/* End PBXSourcesBuildPhase section */

/* Begin PBXTargetDependency section */
		631079CD29F7DCC0000A005F /* PBXTargetDependency */ = {
			isa = PBXTargetDependency;
			target = 631079BA29F7DCBF000A005F /* GitHubSearchApp */;
			targetProxy = 631079CC29F7DCC0000A005F /* PBXContainerItemProxy */;
		};
		631079D729F7DCC0000A005F /* PBXTargetDependency */ = {
			isa = PBXTargetDependency;
			target = 631079BA29F7DCBF000A005F /* GitHubSearchApp */;
			targetProxy = 631079D629F7DCC0000A005F /* PBXContainerItemProxy */;
		};
/* End PBXTargetDependency section */

/* Begin XCBuildConfiguration section */
		631079DD29F7DCC0000A005F /* Debug */ = {
			isa = XCBuildConfiguration;
			buildSettings = {
				ALWAYS_SEARCH_USER_PATHS = NO;
				CLANG_ANALYZER_NONNULL = YES;
				CLANG_ANALYZER_NUMBER_OBJECT_CONVERSION = YES_AGGRESSIVE;
				CLANG_CXX_LANGUAGE_STANDARD = "gnu++20";
				CLANG_ENABLE_MODULES = YES;
				CLANG_ENABLE_OBJC_ARC = YES;
				CLANG_ENABLE_OBJC_WEAK = YES;
				CLANG_WARN_BLOCK_CAPTURE_AUTORELEASING = YES;
				CLANG_WARN_BOOL_CONVERSION = YES;
				CLANG_WARN_COMMA = YES;
				CLANG_WARN_CONSTANT_CONVERSION = YES;
				CLANG_WARN_DEPRECATED_OBJC_IMPLEMENTATIONS = YES;
				CLANG_WARN_DIRECT_OBJC_ISA_USAGE = YES_ERROR;
				CLANG_WARN_DOCUMENTATION_COMMENTS = YES;
				CLANG_WARN_EMPTY_BODY = YES;
				CLANG_WARN_ENUM_CONVERSION = YES;
				CLANG_WARN_INFINITE_RECURSION = YES;
				CLANG_WARN_INT_CONVERSION = YES;
				CLANG_WARN_NON_LITERAL_NULL_CONVERSION = YES;
				CLANG_WARN_OBJC_IMPLICIT_RETAIN_SELF = YES;
				CLANG_WARN_OBJC_LITERAL_CONVERSION = YES;
				CLANG_WARN_OBJC_ROOT_CLASS = YES_ERROR;
				CLANG_WARN_QUOTED_INCLUDE_IN_FRAMEWORK_HEADER = YES;
				CLANG_WARN_RANGE_LOOP_ANALYSIS = YES;
				CLANG_WARN_STRICT_PROTOTYPES = YES;
				CLANG_WARN_SUSPICIOUS_MOVE = YES;
				CLANG_WARN_UNGUARDED_AVAILABILITY = YES_AGGRESSIVE;
				CLANG_WARN_UNREACHABLE_CODE = YES;
				CLANG_WARN__DUPLICATE_METHOD_MATCH = YES;
				COPY_PHASE_STRIP = NO;
				DEBUG_INFORMATION_FORMAT = dwarf;
				ENABLE_STRICT_OBJC_MSGSEND = YES;
				ENABLE_TESTABILITY = YES;
				GCC_C_LANGUAGE_STANDARD = gnu11;
				GCC_DYNAMIC_NO_PIC = NO;
				GCC_NO_COMMON_BLOCKS = YES;
				GCC_OPTIMIZATION_LEVEL = 0;
				GCC_PREPROCESSOR_DEFINITIONS = (
					"DEBUG=1",
					"$(inherited)",
				);
				GCC_WARN_64_TO_32_BIT_CONVERSION = YES;
				GCC_WARN_ABOUT_RETURN_TYPE = YES_ERROR;
				GCC_WARN_UNDECLARED_SELECTOR = YES;
				GCC_WARN_UNINITIALIZED_AUTOS = YES_AGGRESSIVE;
				GCC_WARN_UNUSED_FUNCTION = YES;
				GCC_WARN_UNUSED_VARIABLE = YES;
				IPHONEOS_DEPLOYMENT_TARGET = 16.2;
				MTL_ENABLE_DEBUG_INFO = INCLUDE_SOURCE;
				MTL_FAST_MATH = YES;
				ONLY_ACTIVE_ARCH = YES;
				SDKROOT = iphoneos;
				SWIFT_ACTIVE_COMPILATION_CONDITIONS = DEBUG;
				SWIFT_OPTIMIZATION_LEVEL = "-Onone";
			};
			name = Debug;
		};
		631079DE29F7DCC0000A005F /* Release */ = {
			isa = XCBuildConfiguration;
			buildSettings = {
				ALWAYS_SEARCH_USER_PATHS = NO;
				CLANG_ANALYZER_NONNULL = YES;
				CLANG_ANALYZER_NUMBER_OBJECT_CONVERSION = YES_AGGRESSIVE;
				CLANG_CXX_LANGUAGE_STANDARD = "gnu++20";
				CLANG_ENABLE_MODULES = YES;
				CLANG_ENABLE_OBJC_ARC = YES;
				CLANG_ENABLE_OBJC_WEAK = YES;
				CLANG_WARN_BLOCK_CAPTURE_AUTORELEASING = YES;
				CLANG_WARN_BOOL_CONVERSION = YES;
				CLANG_WARN_COMMA = YES;
				CLANG_WARN_CONSTANT_CONVERSION = YES;
				CLANG_WARN_DEPRECATED_OBJC_IMPLEMENTATIONS = YES;
				CLANG_WARN_DIRECT_OBJC_ISA_USAGE = YES_ERROR;
				CLANG_WARN_DOCUMENTATION_COMMENTS = YES;
				CLANG_WARN_EMPTY_BODY = YES;
				CLANG_WARN_ENUM_CONVERSION = YES;
				CLANG_WARN_INFINITE_RECURSION = YES;
				CLANG_WARN_INT_CONVERSION = YES;
				CLANG_WARN_NON_LITERAL_NULL_CONVERSION = YES;
				CLANG_WARN_OBJC_IMPLICIT_RETAIN_SELF = YES;
				CLANG_WARN_OBJC_LITERAL_CONVERSION = YES;
				CLANG_WARN_OBJC_ROOT_CLASS = YES_ERROR;
				CLANG_WARN_QUOTED_INCLUDE_IN_FRAMEWORK_HEADER = YES;
				CLANG_WARN_RANGE_LOOP_ANALYSIS = YES;
				CLANG_WARN_STRICT_PROTOTYPES = YES;
				CLANG_WARN_SUSPICIOUS_MOVE = YES;
				CLANG_WARN_UNGUARDED_AVAILABILITY = YES_AGGRESSIVE;
				CLANG_WARN_UNREACHABLE_CODE = YES;
				CLANG_WARN__DUPLICATE_METHOD_MATCH = YES;
				COPY_PHASE_STRIP = NO;
				DEBUG_INFORMATION_FORMAT = "dwarf-with-dsym";
				ENABLE_NS_ASSERTIONS = NO;
				ENABLE_STRICT_OBJC_MSGSEND = YES;
				GCC_C_LANGUAGE_STANDARD = gnu11;
				GCC_NO_COMMON_BLOCKS = YES;
				GCC_WARN_64_TO_32_BIT_CONVERSION = YES;
				GCC_WARN_ABOUT_RETURN_TYPE = YES_ERROR;
				GCC_WARN_UNDECLARED_SELECTOR = YES;
				GCC_WARN_UNINITIALIZED_AUTOS = YES_AGGRESSIVE;
				GCC_WARN_UNUSED_FUNCTION = YES;
				GCC_WARN_UNUSED_VARIABLE = YES;
				IPHONEOS_DEPLOYMENT_TARGET = 16.2;
				MTL_ENABLE_DEBUG_INFO = NO;
				MTL_FAST_MATH = YES;
				SDKROOT = iphoneos;
				SWIFT_COMPILATION_MODE = wholemodule;
				SWIFT_OPTIMIZATION_LEVEL = "-O";
				VALIDATE_PRODUCT = YES;
			};
			name = Release;
		};
		631079E029F7DCC0000A005F /* Debug */ = {
			isa = XCBuildConfiguration;
			buildSettings = {
				ASSETCATALOG_COMPILER_APPICON_NAME = AppIcon;
				ASSETCATALOG_COMPILER_GLOBAL_ACCENT_COLOR_NAME = AccentColor;
				CODE_SIGN_STYLE = Automatic;
				CURRENT_PROJECT_VERSION = 1;
				DEVELOPMENT_ASSET_PATHS = "\"GitHubSearchApp/Preview Content\"";
				ENABLE_PREVIEWS = YES;
				GENERATE_INFOPLIST_FILE = YES;
				INFOPLIST_KEY_UIApplicationSceneManifest_Generation = YES;
				INFOPLIST_KEY_UIApplicationSupportsIndirectInputEvents = YES;
				INFOPLIST_KEY_UILaunchScreen_Generation = YES;
				INFOPLIST_KEY_UISupportedInterfaceOrientations_iPad = "UIInterfaceOrientationPortrait UIInterfaceOrientationPortraitUpsideDown UIInterfaceOrientationLandscapeLeft UIInterfaceOrientationLandscapeRight";
				INFOPLIST_KEY_UISupportedInterfaceOrientations_iPhone = "UIInterfaceOrientationPortrait UIInterfaceOrientationLandscapeLeft UIInterfaceOrientationLandscapeRight";
				LD_RUNPATH_SEARCH_PATHS = (
					"$(inherited)",
					"@executable_path/Frameworks",
				);
				MARKETING_VERSION = 1.0;
				PRODUCT_BUNDLE_IDENTIFIER = test.GitHubSearchApp;
				PRODUCT_NAME = "$(TARGET_NAME)";
				SWIFT_EMIT_LOC_STRINGS = YES;
				SWIFT_VERSION = 5.0;
				TARGETED_DEVICE_FAMILY = "1,2";
			};
			name = Debug;
		};
		631079E129F7DCC0000A005F /* Release */ = {
			isa = XCBuildConfiguration;
			buildSettings = {
				ASSETCATALOG_COMPILER_APPICON_NAME = AppIcon;
				ASSETCATALOG_COMPILER_GLOBAL_ACCENT_COLOR_NAME = AccentColor;
				CODE_SIGN_STYLE = Automatic;
				CURRENT_PROJECT_VERSION = 1;
				DEVELOPMENT_ASSET_PATHS = "\"GitHubSearchApp/Preview Content\"";
				ENABLE_PREVIEWS = YES;
				GENERATE_INFOPLIST_FILE = YES;
				INFOPLIST_KEY_UIApplicationSceneManifest_Generation = YES;
				INFOPLIST_KEY_UIApplicationSupportsIndirectInputEvents = YES;
				INFOPLIST_KEY_UILaunchScreen_Generation = YES;
				INFOPLIST_KEY_UISupportedInterfaceOrientations_iPad = "UIInterfaceOrientationPortrait UIInterfaceOrientationPortraitUpsideDown UIInterfaceOrientationLandscapeLeft UIInterfaceOrientationLandscapeRight";
				INFOPLIST_KEY_UISupportedInterfaceOrientations_iPhone = "UIInterfaceOrientationPortrait UIInterfaceOrientationLandscapeLeft UIInterfaceOrientationLandscapeRight";
				LD_RUNPATH_SEARCH_PATHS = (
					"$(inherited)",
					"@executable_path/Frameworks",
				);
				MARKETING_VERSION = 1.0;
				PRODUCT_BUNDLE_IDENTIFIER = test.GitHubSearchApp;
				PRODUCT_NAME = "$(TARGET_NAME)";
				SWIFT_EMIT_LOC_STRINGS = YES;
				SWIFT_VERSION = 5.0;
				TARGETED_DEVICE_FAMILY = "1,2";
			};
			name = Release;
		};
		631079E329F7DCC0000A005F /* Debug */ = {
			isa = XCBuildConfiguration;
			buildSettings = {
				ALWAYS_EMBED_SWIFT_STANDARD_LIBRARIES = YES;
				BUNDLE_LOADER = "$(TEST_HOST)";
				CODE_SIGN_STYLE = Automatic;
				CURRENT_PROJECT_VERSION = 1;
				GENERATE_INFOPLIST_FILE = YES;
				IPHONEOS_DEPLOYMENT_TARGET = 16.2;
				MARKETING_VERSION = 1.0;
				PRODUCT_BUNDLE_IDENTIFIER = test.GitHubSearchAppTests;
				PRODUCT_NAME = "$(TARGET_NAME)";
				SWIFT_EMIT_LOC_STRINGS = NO;
				SWIFT_VERSION = 5.0;
				TARGETED_DEVICE_FAMILY = "1,2";
				TEST_HOST = "$(BUILT_PRODUCTS_DIR)/GitHubSearchApp.app/$(BUNDLE_EXECUTABLE_FOLDER_PATH)/GitHubSearchApp";
			};
			name = Debug;
		};
		631079E429F7DCC0000A005F /* Release */ = {
			isa = XCBuildConfiguration;
			buildSettings = {
				ALWAYS_EMBED_SWIFT_STANDARD_LIBRARIES = YES;
				BUNDLE_LOADER = "$(TEST_HOST)";
				CODE_SIGN_STYLE = Automatic;
				CURRENT_PROJECT_VERSION = 1;
				GENERATE_INFOPLIST_FILE = YES;
				IPHONEOS_DEPLOYMENT_TARGET = 16.2;
				MARKETING_VERSION = 1.0;
				PRODUCT_BUNDLE_IDENTIFIER = test.GitHubSearchAppTests;
				PRODUCT_NAME = "$(TARGET_NAME)";
				SWIFT_EMIT_LOC_STRINGS = NO;
				SWIFT_VERSION = 5.0;
				TARGETED_DEVICE_FAMILY = "1,2";
				TEST_HOST = "$(BUILT_PRODUCTS_DIR)/GitHubSearchApp.app/$(BUNDLE_EXECUTABLE_FOLDER_PATH)/GitHubSearchApp";
			};
			name = Release;
		};
		631079E629F7DCC0000A005F /* Debug */ = {
			isa = XCBuildConfiguration;
			buildSettings = {
				ALWAYS_EMBED_SWIFT_STANDARD_LIBRARIES = YES;
				CODE_SIGN_STYLE = Automatic;
				CURRENT_PROJECT_VERSION = 1;
				GENERATE_INFOPLIST_FILE = YES;
				MARKETING_VERSION = 1.0;
				PRODUCT_BUNDLE_IDENTIFIER = test.GitHubSearchAppUITests;
				PRODUCT_NAME = "$(TARGET_NAME)";
				SWIFT_EMIT_LOC_STRINGS = NO;
				SWIFT_VERSION = 5.0;
				TARGETED_DEVICE_FAMILY = "1,2";
				TEST_TARGET_NAME = GitHubSearchApp;
			};
			name = Debug;
		};
		631079E729F7DCC0000A005F /* Release */ = {
			isa = XCBuildConfiguration;
			buildSettings = {
				ALWAYS_EMBED_SWIFT_STANDARD_LIBRARIES = YES;
				CODE_SIGN_STYLE = Automatic;
				CURRENT_PROJECT_VERSION = 1;
				GENERATE_INFOPLIST_FILE = YES;
				MARKETING_VERSION = 1.0;
				PRODUCT_BUNDLE_IDENTIFIER = test.GitHubSearchAppUITests;
				PRODUCT_NAME = "$(TARGET_NAME)";
				SWIFT_EMIT_LOC_STRINGS = NO;
				SWIFT_VERSION = 5.0;
				TARGETED_DEVICE_FAMILY = "1,2";
				TEST_TARGET_NAME = GitHubSearchApp;
			};
			name = Release;
		};
/* End XCBuildConfiguration section */

/* Begin XCConfigurationList section */
		631079B629F7DCBF000A005F /* Build configuration list for PBXProject "GitHubSearchApp" */ = {
			isa = XCConfigurationList;
			buildConfigurations = (
				631079DD29F7DCC0000A005F /* Debug */,
				631079DE29F7DCC0000A005F /* Release */,
			);
			defaultConfigurationIsVisible = 0;
			defaultConfigurationName = Release;
		};
		631079DF29F7DCC0000A005F /* Build configuration list for PBXNativeTarget "GitHubSearchApp" */ = {
			isa = XCConfigurationList;
			buildConfigurations = (
				631079E029F7DCC0000A005F /* Debug */,
				631079E129F7DCC0000A005F /* Release */,
			);
			defaultConfigurationIsVisible = 0;
			defaultConfigurationName = Release;
		};
		631079E229F7DCC0000A005F /* Build configuration list for PBXNativeTarget "GitHubSearchAppTests" */ = {
			isa = XCConfigurationList;
			buildConfigurations = (
				631079E329F7DCC0000A005F /* Debug */,
				631079E429F7DCC0000A005F /* Release */,
			);
			defaultConfigurationIsVisible = 0;
			defaultConfigurationName = Release;
		};
		631079E529F7DCC0000A005F /* Build configuration list for PBXNativeTarget "GitHubSearchAppUITests" */ = {
			isa = XCConfigurationList;
			buildConfigurations = (
				631079E629F7DCC0000A005F /* Debug */,
				631079E729F7DCC0000A005F /* Release */,
			);
			defaultConfigurationIsVisible = 0;
			defaultConfigurationName = Release;
		};
/* End XCConfigurationList section */
	};
	rootObject = 631079B329F7DCBF000A005F /* Project object */;
}
